
Microsoft Visual Studio Solution File, Format Version 12.00
# Visual Studio Version 17
VisualStudioVersion = 17.11.35327.3
MinimumVisualStudioVersion = 10.0.40219.1
Project("{FAE04EC0-301F-11D3-BF4B-00C04F79EFBC}") = "MvcMovie", "MvcMovie\MvcMovie.csproj", "{0D1AA222-09F3-4502-A19B-B2E2AD1252FF}"
EndProject
Global
	GlobalSection(SolutionConfigurationPlatforms) = preSolution
		Debug|Any CPU = Debug|Any CPU
		Release|Any CPU = Release|Any CPU
	EndGlobalSection
	GlobalSection(ProjectConfigurationPlatforms) = postSolution
		{0D1AA222-09F3-4502-A19B-B2E2AD1252FF}.Debug|Any CPU.ActiveCfg = Debug|Any CPU
		{0D1AA222-09F3-4502-A19B-B2E2AD1252FF}.Debug|Any CPU.Build.0 = Debug|Any CPU
		{0D1AA222-09F3-4502-A19B-B2E2AD1252FF}.Release|Any CPU.ActiveCfg = Release|Any CPU
		{0D1AA222-09F3-4502-A19B-B2E2AD1252FF}.Release|Any CPU.Build.0 = Release|Any CPU
	EndGlobalSection
	GlobalSection(SolutionProperties) = preSolution
		HideSolutionNode = FALSE
	EndGlobalSection
	GlobalSection(ExtensibilityGlobals) = postSolution
		SolutionGuid = {23678D0C-8374-4202-90AA-E1A37667E4B2}
	EndGlobalSection
EndGlobal
